
Microsoft Visual Studio Solution File, Format Version 12.00
# Visual Studio Version 17
VisualStudioVersion = 17.3.32929.385
MinimumVisualStudioVersion = 10.0.40219.1
Project("{FAE04EC0-301F-11D3-BF4B-00C04F79EFBC}") = "1 - classe prodotto", "1 - classe prodotto\1 - classe prodotto.csproj", "{8406D382-4313-491D-A114-0A2D1644E91C}"
EndProject
Global
	GlobalSection(SolutionConfigurationPlatforms) = preSolution
		Debug|Any CPU = Debug|Any CPU
		Release|Any CPU = Release|Any CPU
	EndGlobalSection
	GlobalSection(ProjectConfigurationPlatforms) = postSolution
		{8406D382-4313-491D-A114-0A2D1644E91C}.Debug|Any CPU.ActiveCfg = Debug|Any CPU
		{8406D382-4313-491D-A114-0A2D1644E91C}.Debug|Any CPU.Build.0 = Debug|Any CPU
		{8406D382-4313-491D-A114-0A2D1644E91C}.Release|Any CPU.ActiveCfg = Release|Any CPU
		{8406D382-4313-491D-A114-0A2D1644E91C}.Release|Any CPU.Build.0 = Release|Any CPU
	EndGlobalSection
	GlobalSection(SolutionProperties) = preSolution
		HideSolutionNode = FALSE
	EndGlobalSection
	GlobalSection(ExtensibilityGlobals) = postSolution
		SolutionGuid = {B382D8E0-9266-4D04-95FD-EACA1320DACF}
	EndGlobalSection
EndGlobal
